
Microsoft Visual Studio Solution File, Format Version 12.00
# Visual Studio Version 16
VisualStudioVersion = 16.0.29306.81
MinimumVisualStudioVersion = 10.0.40219.1
Project("{FAE04EC0-301F-11D3-BF4B-00C04F79EFBC}") = "n01274803_Assignment1b", "n01274803_Assignment1b\n01274803_Assignment1b.csproj", "{E9A995B1-85B5-4E79-9EA1-F2C0A8C0E6F0}"
EndProject
Global
	GlobalSection(SolutionConfigurationPlatforms) = preSolution
		Debug|Any CPU = Debug|Any CPU
		Release|Any CPU = Release|Any CPU
	EndGlobalSection
	GlobalSection(ProjectConfigurationPlatforms) = postSolution
		{E9A995B1-85B5-4E79-9EA1-F2C0A8C0E6F0}.Debug|Any CPU.ActiveCfg = Debug|Any CPU
		{E9A995B1-85B5-4E79-9EA1-F2C0A8C0E6F0}.Debug|Any CPU.Build.0 = Debug|Any CPU
		{E9A995B1-85B5-4E79-9EA1-F2C0A8C0E6F0}.Release|Any CPU.ActiveCfg = Release|Any CPU
		{E9A995B1-85B5-4E79-9EA1-F2C0A8C0E6F0}.Release|Any CPU.Build.0 = Release|Any CPU
	EndGlobalSection
	GlobalSection(SolutionProperties) = preSolution
		HideSolutionNode = FALSE
	EndGlobalSection
	GlobalSection(ExtensibilityGlobals) = postSolution
		SolutionGuid = {F97C2742-9DFC-4DA7-B53F-7CB4AC300C01}
	EndGlobalSection
EndGlobal
